// !$*UTF8*$!
{
	archiveVersion = 1;
	classes = {
	};
	objectVersion = 48;
	objects = {

/* Begin PBXBuildFile section */
		CBEF253A214C2FB200E56D20 /* AppDelegate.swift in Sources */ = {isa = PBXBuildFile; fileRef = CBEF2539214C2FB200E56D20 /* AppDelegate.swift */; };
		CBEF253C214C2FB200E56D20 /* ViewController.swift in Sources */ = {isa = PBXBuildFile; fileRef = CBEF253B214C2FB200E56D20 /* ViewController.swift */; };
		CBEF253F214C2FB200E56D20 /* Main.storyboard in Resources */ = {isa = PBXBuildFile; fileRef = CBEF253D214C2FB200E56D20 /* Main.storyboard */; };
		CBEF2542214C2FB200E56D20 /* Multipeer.xcdatamodeld in Sources */ = {isa = PBXBuildFile; fileRef = CBEF2540214C2FB200E56D20 /* Multipeer.xcdatamodeld */; };
		CBEF2544214C2FB200E56D20 /* Assets.xcassets in Resources */ = {isa = PBXBuildFile; fileRef = CBEF2543214C2FB200E56D20 /* Assets.xcassets */; };
		CBEF2547214C2FB200E56D20 /* LaunchScreen.storyboard in Resources */ = {isa = PBXBuildFile; fileRef = CBEF2545214C2FB200E56D20 /* LaunchScreen.storyboard */; };
/* End PBXBuildFile section */

/* Begin PBXFileReference section */
		CBEF2536214C2FB200E56D20 /* Multipeer.app */ = {isa = PBXFileReference; explicitFileType = wrapper.application; includeInIndex = 0; path = Multipeer.app; sourceTree = BUILT_PRODUCTS_DIR; };
		CBEF2539214C2FB200E56D20 /* AppDelegate.swift */ = {isa = PBXFileReference; lastKnownFileType = sourcecode.swift; path = AppDelegate.swift; sourceTree = "<group>"; };
		CBEF253B214C2FB200E56D20 /* ViewController.swift */ = {isa = PBXFileReference; lastKnownFileType = sourcecode.swift; path = ViewController.swift; sourceTree = "<group>"; };
		CBEF253E214C2FB200E56D20 /* Base */ = {isa = PBXFileReference; lastKnownFileType = file.storyboard; name = Base; path = Base.lproj/Main.storyboard; sourceTree = "<group>"; };
		CBEF2541214C2FB200E56D20 /* Multipeer.xcdatamodel */ = {isa = PBXFileReference; lastKnownFileType = wrapper.xcdatamodel; path = Multipeer.xcdatamodel; sourceTree = "<group>"; };
		CBEF2543214C2FB200E56D20 /* Assets.xcassets */ = {isa = PBXFileReference; lastKnownFileType = folder.assetcatalog; path = Assets.xcassets; sourceTree = "<group>"; };
		CBEF2546214C2FB200E56D20 /* Base */ = {isa = PBXFileReference; lastKnownFileType = file.storyboard; name = Base; path = Base.lproj/LaunchScreen.storyboard; sourceTree = "<group>"; };
		CBEF2548214C2FB200E56D20 /* Info.plist */ = {isa = PBXFileReference; lastKnownFileType = text.plist.xml; path = Info.plist; sourceTree = "<group>"; };
/* End PBXFileReference section */

/* Begin PBXFrameworksBuildPhase section */
		CBEF2533214C2FB200E56D20 /* Frameworks */ = {
			isa = PBXFrameworksBuildPhase;
			buildActionMask = 2147483647;
			files = (
			);
			runOnlyForDeploymentPostprocessing = 0;
		};
/* End PBXFrameworksBuildPhase section */

/* Begin PBXGroup section */
		CBEF252D214C2FB200E56D20 = {
			isa = PBXGroup;
			children = (
				CBEF2538214C2FB200E56D20 /* Multipeer */,
				CBEF2537214C2FB200E56D20 /* Products */,
			);
			sourceTree = "<group>";
		};
		CBEF2537214C2FB200E56D20 /* Products */ = {
			isa = PBXGroup;
			children = (
				CBEF2536214C2FB200E56D20 /* Multipeer.app */,
			);
			name = Products;
			sourceTree = "<group>";
		};
		CBEF2538214C2FB200E56D20 /* Multipeer */ = {
			isa = PBXGroup;
			children = (
				CBEF2539214C2FB200E56D20 /* AppDelegate.swift */,
				CBEF253B214C2FB200E56D20 /* ViewController.swift */,
				CBEF253D214C2FB200E56D20 /* Main.storyboard */,
				CBEF2543214C2FB200E56D20 /* Assets.xcassets */,
				CBEF2545214C2FB200E56D20 /* LaunchScreen.storyboard */,
				CBEF2548214C2FB200E56D20 /* Info.plist */,
				CBEF2540214C2FB200E56D20 /* Multipeer.xcdatamodeld */,
			);
			path = Multipeer;
			sourceTree = "<group>";
		};
/* End PBXGroup section */

/* Begin PBXNativeTarget section */
		CBEF2535214C2FB200E56D20 /* Multipeer */ = {
			isa = PBXNativeTarget;
			buildConfigurationList = CBEF254B214C2FB200E56D20 /* Build configuration list for PBXNativeTarget "Multipeer" */;
			buildPhases = (
				CBEF2532214C2FB200E56D20 /* Sources */,
				CBEF2533214C2FB200E56D20 /* Frameworks */,
				CBEF2534214C2FB200E56D20 /* Resources */,
			);
			buildRules = (
			);
			dependencies = (
			);
			name = Multipeer;
			productName = Multipeer;
			productReference = CBEF2536214C2FB200E56D20 /* Multipeer.app */;
			productType = "com.apple.product-type.application";
		};
/* End PBXNativeTarget section */

/* Begin PBXProject section */
		CBEF252E214C2FB200E56D20 /* Project object */ = {
			isa = PBXProject;
			attributes = {
				LastSwiftUpdateCheck = 0920;
				LastUpgradeCheck = 0920;
				ORGANIZATIONNAME = "Renee Alves";
				TargetAttributes = {
					CBEF2535214C2FB200E56D20 = {
						CreatedOnToolsVersion = 9.2;
						ProvisioningStyle = Automatic;
					};
				};
			};
			buildConfigurationList = CBEF2531214C2FB200E56D20 /* Build configuration list for PBXProject "Multipeer" */;
			compatibilityVersion = "Xcode 8.0";
			developmentRegion = en;
			hasScannedForEncodings = 0;
			knownRegions = (
				en,
				Base,
			);
			mainGroup = CBEF252D214C2FB200E56D20;
			productRefGroup = CBEF2537214C2FB200E56D20 /* Products */;
			projectDirPath = "";
			projectRoot = "";
			targets = (
				CBEF2535214C2FB200E56D20 /* Multipeer */,
			);
		};
/* End PBXProject section */

/* Begin PBXResourcesBuildPhase section */
		CBEF2534214C2FB200E56D20 /* Resources */ = {
			isa = PBXResourcesBuildPhase;
			buildActionMask = 2147483647;
			files = (
				CBEF2547214C2FB200E56D20 /* LaunchScreen.storyboard in Resources */,
				CBEF2544214C2FB200E56D20 /* Assets.xcassets in Resources */,
				CBEF253F214C2FB200E56D20 /* Main.storyboard in Resources */,
			);
			runOnlyForDeploymentPostprocessing = 0;
		};
/* End PBXResourcesBuildPhase section */

/* Begin PBXSourcesBuildPhase section */
		CBEF2532214C2FB200E56D20 /* Sources */ = {
			isa = PBXSourcesBuildPhase;
			buildActionMask = 2147483647;
			files = (
				CBEF253C214C2FB200E56D20 /* ViewController.swift in Sources */,
				CBEF2542214C2FB200E56D20 /* Multipeer.xcdatamodeld in Sources */,
				CBEF253A214C2FB200E56D20 /* AppDelegate.swift in Sources */,
			);
			runOnlyForDeploymentPostprocessing = 0;
		};
/* End PBXSourcesBuildPhase section */

/* Begin PBXVariantGroup section */
		CBEF253D214C2FB200E56D20 /* Main.storyboard */ = {
			isa = PBXVariantGroup;
			children = (
				CBEF253E214C2FB200E56D20 /* Base */,
			);
			name = Main.storyboard;
			sourceTree = "<group>";
		};
		CBEF2545214C2FB200E56D20 /* LaunchScreen.storyboard */ = {
			isa = PBXVariantGroup;
			children = (
				CBEF2546214C2FB200E56D20 /* Base */,
			);
			name = LaunchScreen.storyboard;
			sourceTree = "<group>";
		};
/* End PBXVariantGroup section */

/* Begin XCBuildConfiguration section */
		CBEF2549214C2FB200E56D20 /* Debug */ = {
			isa = XCBuildConfiguration;
			buildSettings = {
				ALWAYS_SEARCH_USER_PATHS = NO;
				CLANG_ANALYZER_NONNULL = YES;
				CLANG_ANALYZER_NUMBER_OBJECT_CONVERSION = YES_AGGRESSIVE;
				CLANG_CXX_LANGUAGE_STANDARD = "gnu++14";
				CLANG_CXX_LIBRARY = "libc++";
				CLANG_ENABLE_MODULES = YES;
				CLANG_ENABLE_OBJC_ARC = YES;
				CLANG_WARN_BLOCK_CAPTURE_AUTORELEASING = YES;
				CLANG_WARN_BOOL_CONVERSION = YES;
				CLANG_WARN_COMMA = YES;
				CLANG_WARN_CONSTANT_CONVERSION = YES;
				CLANG_WARN_DIRECT_OBJC_ISA_USAGE = YES_ERROR;
				CLANG_WARN_DOCUMENTATION_COMMENTS = YES;
				CLANG_WARN_EMPTY_BODY = YES;
				CLANG_WARN_ENUM_CONVERSION = YES;
				CLANG_WARN_INFINITE_RECURSION = YES;
				CLANG_WARN_INT_CONVERSION = YES;
				CLANG_WARN_NON_LITERAL_NULL_CONVERSION = YES;
				CLANG_WARN_OBJC_LITERAL_CONVERSION = YES;
				CLANG_WARN_OBJC_ROOT_CLASS = YES_ERROR;
				CLANG_WARN_RANGE_LOOP_ANALYSIS = YES;
				CLANG_WARN_STRICT_PROTOTYPES = YES;
				CLANG_WARN_SUSPICIOUS_MOVE = YES;
				CLANG_WARN_UNGUARDED_AVAILABILITY = YES_AGGRESSIVE;
				CLANG_WARN_UNREACHABLE_CODE = YES;
				CLANG_WARN__DUPLICATE_METHOD_MATCH = YES;
				CODE_SIGN_IDENTITY = "iPhone Developer";
				COPY_PHASE_STRIP = NO;
				DEBUG_INFORMATION_FORMAT = dwarf;
				ENABLE_STRICT_OBJC_MSGSEND = YES;
				ENABLE_TESTABILITY = YES;
				GCC_C_LANGUAGE_STANDARD = gnu11;
				GCC_DYNAMIC_NO_PIC = NO;
				GCC_NO_COMMON_BLOCKS = YES;
				GCC_OPTIMIZATION_LEVEL = 0;
				GCC_PREPROCESSOR_DEFINITIONS = (
					"DEBUG=1",
					"$(inherited)",
				);
				GCC_WARN_64_TO_32_BIT_CONVERSION = YES;
				GCC_WARN_ABOUT_RETURN_TYPE = YES_ERROR;
				GCC_WARN_UNDECLARED_SELECTOR = YES;
				GCC_WARN_UNINITIALIZED_AUTOS = YES_AGGRESSIVE;
				GCC_WARN_UNUSED_FUNCTION = YES;
				GCC_WARN_UNUSED_VARIABLE = YES;
				IPHONEOS_DEPLOYMENT_TARGET = 11.2;
				MTL_ENABLE_DEBUG_INFO = YES;
				ONLY_ACTIVE_ARCH = YES;
				SDKROOT = iphoneos;
				SWIFT_ACTIVE_COMPILATION_CONDITIONS = DEBUG;
				SWIFT_OPTIMIZATION_LEVEL = "-Onone";
			};
			name = Debug;
		};
		CBEF254A214C2FB200E56D20 /* Release */ = {
			isa = XCBuildConfiguration;
			buildSettings = {
				ALWAYS_SEARCH_USER_PATHS = NO;
				CLANG_ANALYZER_NONNULL = YES;
				CLANG_ANALYZER_NUMBER_OBJECT_CONVERSION = YES_AGGRESSIVE;
				CLANG_CXX_LANGUAGE_STANDARD = "gnu++14";
				CLANG_CXX_LIBRARY = "libc++";
				CLANG_ENABLE_MODULES = YES;
				CLANG_ENABLE_OBJC_ARC = YES;
				CLANG_WARN_BLOCK_CAPTURE_AUTORELEASING = YES;
				CLANG_WARN_BOOL_CONVERSION = YES;
				CLANG_WARN_COMMA = YES;
				CLANG_WARN_CONSTANT_CONVERSION = YES;
				CLANG_WARN_DIRECT_OBJC_ISA_USAGE = YES_ERROR;
				CLANG_WARN_DOCUMENTATION_COMMENTS = YES;
				CLANG_WARN_EMPTY_BODY = YES;
				CLANG_WARN_ENUM_CONVERSION = YES;
				CLANG_WARN_INFINITE_RECURSION = YES;
				CLANG_WARN_INT_CONVERSION = YES;
				CLANG_WARN_NON_LITERAL_NULL_CONVERSION = YES;
				CLANG_WARN_OBJC_LITERAL_CONVERSION = YES;
				CLANG_WARN_OBJC_ROOT_CLASS = YES_ERROR;
				CLANG_WARN_RANGE_LOOP_ANALYSIS = YES;
				CLANG_WARN_STRICT_PROTOTYPES = YES;
				CLANG_WARN_SUSPICIOUS_MOVE = YES;
				CLANG_WARN_UNGUARDED_AVAILABILITY = YES_AGGRESSIVE;
				CLANG_WARN_UNREACHABLE_CODE = YES;
				CLANG_WARN__DUPLICATE_METHOD_MATCH = YES;
				CODE_SIGN_IDENTITY = "iPhone Developer";
				COPY_PHASE_STRIP = NO;
				DEBUG_INFORMATION_FORMAT = "dwarf-with-dsym";
				ENABLE_NS_ASSERTIONS = NO;
				ENABLE_STRICT_OBJC_MSGSEND = YES;
				GCC_C_LANGUAGE_STANDARD = gnu11;
				GCC_NO_COMMON_BLOCKS = YES;
				GCC_WARN_64_TO_32_BIT_CONVERSION = YES;
				GCC_WARN_ABOUT_RETURN_TYPE = YES_ERROR;
				GCC_WARN_UNDECLARED_SELECTOR = YES;
				GCC_WARN_UNINITIALIZED_AUTOS = YES_AGGRESSIVE;
				GCC_WARN_UNUSED_FUNCTION = YES;
				GCC_WARN_UNUSED_VARIABLE = YES;
				IPHONEOS_DEPLOYMENT_TARGET = 11.2;
				MTL_ENABLE_DEBUG_INFO = NO;
				SDKROOT = iphoneos;
				SWIFT_OPTIMIZATION_LEVEL = "-Owholemodule";
				VALIDATE_PRODUCT = YES;
			};
			name = Release;
		};
		CBEF254C214C2FB200E56D20 /* Debug */ = {
			isa = XCBuildConfiguration;
			buildSettings = {
				ASSETCATALOG_COMPILER_APPICON_NAME = AppIcon;
				CODE_SIGN_STYLE = Automatic;
				DEVELOPMENT_TEAM = BUC8ZV3LK2;
				INFOPLIST_FILE = Multipeer/Info.plist;
				LD_RUNPATH_SEARCH_PATHS = "$(inherited) @executable_path/Frameworks";
				PRODUCT_BUNDLE_IDENTIFIER = rra.Multipeer;
				PRODUCT_NAME = "$(TARGET_NAME)";
				SWIFT_VERSION = 4.0;
				TARGETED_DEVICE_FAMILY = "1,2";
			};
			name = Debug;
		};
		CBEF254D214C2FB200E56D20 /* Release */ = {
			isa = XCBuildConfiguration;
			buildSettings = {
				ASSETCATALOG_COMPILER_APPICON_NAME = AppIcon;
				CODE_SIGN_STYLE = Automatic;
				DEVELOPMENT_TEAM = BUC8ZV3LK2;
				INFOPLIST_FILE = Multipeer/Info.plist;
				LD_RUNPATH_SEARCH_PATHS = "$(inherited) @executable_path/Frameworks";
				PRODUCT_BUNDLE_IDENTIFIER = rra.Multipeer;
				PRODUCT_NAME = "$(TARGET_NAME)";
				SWIFT_VERSION = 4.0;
				TARGETED_DEVICE_FAMILY = "1,2";
			};
			name = Release;
		};
/* End XCBuildConfiguration section */

/* Begin XCConfigurationList section */
		CBEF2531214C2FB200E56D20 /* Build configuration list for PBXProject "Multipeer" */ = {
			isa = XCConfigurationList;
			buildConfigurations = (
				CBEF2549214C2FB200E56D20 /* Debug */,
				CBEF254A214C2FB200E56D20 /* Release */,
			);
			defaultConfigurationIsVisible = 0;
			defaultConfigurationName = Release;
		};
		CBEF254B214C2FB200E56D20 /* Build configuration list for PBXNativeTarget "Multipeer" */ = {
			isa = XCConfigurationList;
			buildConfigurations = (
				CBEF254C214C2FB200E56D20 /* Debug */,
				CBEF254D214C2FB200E56D20 /* Release */,
			);
			defaultConfigurationIsVisible = 0;
			defaultConfigurationName = Release;
		};
/* End XCConfigurationList section */

/* Begin XCVersionGroup section */
		CBEF2540214C2FB200E56D20 /* Multipeer.xcdatamodeld */ = {
			isa = XCVersionGroup;
			children = (
				CBEF2541214C2FB200E56D20 /* Multipeer.xcdatamodel */,
			);
			currentVersion = CBEF2541214C2FB200E56D20 /* Multipeer.xcdatamodel */;
			path = Multipeer.xcdatamodeld;
			sourceTree = "<group>";
			versionGroupType = wrapper.xcdatamodel;
		};
/* End XCVersionGroup section */
	};
	rootObject = CBEF252E214C2FB200E56D20 /* Project object */;
}
